
Microsoft Visual Studio Solution File, Format Version 9.00
# Visual Studio 2005
Project("{8BC9CEB8-8B4A-11D0-8D11-00A0C91BC942}") = "rtview", "rtview.vcproj", "{BDF3E8CA-F04F-4EE0-86D4-FEDC38C534C0}"
	GlobalSection(Qt) = preSolution
		Integration = True
	EndGlobalSection
	ProjectSection(ProjectDependencies) = postProject
		{087A3BD8-D001-491F-BEE2-0B05B088E259} = {087A3BD8-D001-491F-BEE2-0B05B088E259}
		{A0FD9585-AD64-48E4-AD35-1C98BB3C4A0C} = {A0FD9585-AD64-48E4-AD35-1C98BB3C4A0C}
		{70747B1A-E3B6-488C-90AA-B48F30CE33E0} = {70747B1A-E3B6-488C-90AA-B48F30CE33E0}
		{A4761FE4-6608-4EBE-AA12-97B850B19B2E} = {A4761FE4-6608-4EBE-AA12-97B850B19B2E}
		{A1911DA2-4399-40CC-9014-3AC25D0A29D7} = {A1911DA2-4399-40CC-9014-3AC25D0A29D7}
	EndProjectSection
EndProject
Project("{8BC9CEB8-8B4A-11D0-8D11-00A0C91BC942}") = "rtcore", "rtcore.vcproj", "{A1911DA2-4399-40CC-9014-3AC25D0A29D7}"
EndProject
Project("{8BC9CEB8-8B4A-11D0-8D11-00A0C91BC942}") = "rtgl", "rtgl.vcproj", "{70747B1A-E3B6-488C-90AA-B48F30CE33E0}"
	ProjectSection(ProjectDependencies) = postProject
		{A1911DA2-4399-40CC-9014-3AC25D0A29D7} = {A1911DA2-4399-40CC-9014-3AC25D0A29D7}
		{C73B3EED-6308-47E8-A0D5-9A62831EF260} = {C73B3EED-6308-47E8-A0D5-9A62831EF260}
	EndProjectSection
EndProject
Project("{8BC9CEB8-8B4A-11D0-8D11-00A0C91BC942}") = "rtplugins", "rtplugins.vcproj", "{A0FD9585-AD64-48E4-AD35-1C98BB3C4A0C}"
	ProjectSection(ProjectDependencies) = postProject
		{A1911DA2-4399-40CC-9014-3AC25D0A29D7} = {A1911DA2-4399-40CC-9014-3AC25D0A29D7}
	EndProjectSection
EndProject
Project("{8BC9CEB8-8B4A-11D0-8D11-00A0C91BC942}") = "rtcuda", "rtcuda.vcproj", "{A4761FE4-6608-4EBE-AA12-97B850B19B2E}"
	ProjectSection(ProjectDependencies) = postProject
		{A0FD9585-AD64-48E4-AD35-1C98BB3C4A0C} = {A0FD9585-AD64-48E4-AD35-1C98BB3C4A0C}
		{70747B1A-E3B6-488C-90AA-B48F30CE33E0} = {70747B1A-E3B6-488C-90AA-B48F30CE33E0}
	EndProjectSection
EndProject
Project("{8BC9CEB8-8B4A-11D0-8D11-00A0C91BC942}") = "rtdb", "rtdb.vcproj", "{087A3BD8-D001-491F-BEE2-0B05B088E259}"
	ProjectSection(ProjectDependencies) = postProject
		{A1911DA2-4399-40CC-9014-3AC25D0A29D7} = {A1911DA2-4399-40CC-9014-3AC25D0A29D7}
	EndProjectSection
EndProject
Project("{2150E333-8FDC-42A3-9474-1A3956D46DE8}") = "Grid", "Grid", "{0191D7E0-20E1-43A0-99EA-764035AED945}"
EndProject
Project("{8BC9CEB8-8B4A-11D0-8D11-00A0C91BC942}") = "grid", "..\..\grid\prj\grid.vcproj", "{C73B3EED-6308-47E8-A0D5-9A62831EF260}"
	ProjectSection(ProjectDependencies) = postProject
		{B6AEC636-809A-4AD8-82C8-9304510E2F77} = {B6AEC636-809A-4AD8-82C8-9304510E2F77}
	EndProjectSection
EndProject
Project("{8BC9CEB8-8B4A-11D0-8D11-00A0C91BC942}") = "gridcuda", "..\..\grid\prj\gridcuda.vcproj", "{B6AEC636-809A-4AD8-82C8-9304510E2F77}"
EndProject
Global
	GlobalSection(SolutionConfigurationPlatforms) = preSolution
		Debug|Win32 = Debug|Win32
		EmuDebug|Win32 = EmuDebug|Win32
		EmuRelease|Win32 = EmuRelease|Win32
		Release|Win32 = Release|Win32
	EndGlobalSection
	GlobalSection(ProjectConfigurationPlatforms) = postSolution
		{BDF3E8CA-F04F-4EE0-86D4-FEDC38C534C0}.Debug|Win32.ActiveCfg = Debug|Win32
		{BDF3E8CA-F04F-4EE0-86D4-FEDC38C534C0}.Debug|Win32.Build.0 = Debug|Win32
		{BDF3E8CA-F04F-4EE0-86D4-FEDC38C534C0}.EmuDebug|Win32.ActiveCfg = EmuDebug|Win32
		{BDF3E8CA-F04F-4EE0-86D4-FEDC38C534C0}.EmuDebug|Win32.Build.0 = EmuDebug|Win32
		{BDF3E8CA-F04F-4EE0-86D4-FEDC38C534C0}.EmuRelease|Win32.ActiveCfg = Release|Win32
		{BDF3E8CA-F04F-4EE0-86D4-FEDC38C534C0}.EmuRelease|Win32.Build.0 = Release|Win32
		{BDF3E8CA-F04F-4EE0-86D4-FEDC38C534C0}.Release|Win32.ActiveCfg = Release|Win32
		{BDF3E8CA-F04F-4EE0-86D4-FEDC38C534C0}.Release|Win32.Build.0 = Release|Win32
		{A1911DA2-4399-40CC-9014-3AC25D0A29D7}.Debug|Win32.ActiveCfg = Debug|Win32
		{A1911DA2-4399-40CC-9014-3AC25D0A29D7}.Debug|Win32.Build.0 = Debug|Win32
		{A1911DA2-4399-40CC-9014-3AC25D0A29D7}.EmuDebug|Win32.ActiveCfg = Debug|Win32
		{A1911DA2-4399-40CC-9014-3AC25D0A29D7}.EmuDebug|Win32.Build.0 = Debug|Win32
		{A1911DA2-4399-40CC-9014-3AC25D0A29D7}.EmuRelease|Win32.ActiveCfg = Release|Win32
		{A1911DA2-4399-40CC-9014-3AC25D0A29D7}.EmuRelease|Win32.Build.0 = Release|Win32
		{A1911DA2-4399-40CC-9014-3AC25D0A29D7}.Release|Win32.ActiveCfg = Release|Win32
		{A1911DA2-4399-40CC-9014-3AC25D0A29D7}.Release|Win32.Build.0 = Release|Win32
		{70747B1A-E3B6-488C-90AA-B48F30CE33E0}.Debug|Win32.ActiveCfg = Debug|Win32
		{70747B1A-E3B6-488C-90AA-B48F30CE33E0}.Debug|Win32.Build.0 = Debug|Win32
		{70747B1A-E3B6-488C-90AA-B48F30CE33E0}.EmuDebug|Win32.ActiveCfg = Debug|Win32
		{70747B1A-E3B6-488C-90AA-B48F30CE33E0}.EmuDebug|Win32.Build.0 = Debug|Win32
		{70747B1A-E3B6-488C-90AA-B48F30CE33E0}.EmuRelease|Win32.ActiveCfg = Release|Win32
		{70747B1A-E3B6-488C-90AA-B48F30CE33E0}.EmuRelease|Win32.Build.0 = Release|Win32
		{70747B1A-E3B6-488C-90AA-B48F30CE33E0}.Release|Win32.ActiveCfg = Release|Win32
		{70747B1A-E3B6-488C-90AA-B48F30CE33E0}.Release|Win32.Build.0 = Release|Win32
		{A0FD9585-AD64-48E4-AD35-1C98BB3C4A0C}.Debug|Win32.ActiveCfg = Debug|Win32
		{A0FD9585-AD64-48E4-AD35-1C98BB3C4A0C}.Debug|Win32.Build.0 = Debug|Win32
		{A0FD9585-AD64-48E4-AD35-1C98BB3C4A0C}.EmuDebug|Win32.ActiveCfg = Debug|Win32
		{A0FD9585-AD64-48E4-AD35-1C98BB3C4A0C}.EmuDebug|Win32.Build.0 = Debug|Win32
		{A0FD9585-AD64-48E4-AD35-1C98BB3C4A0C}.EmuRelease|Win32.ActiveCfg = Release|Win32
		{A0FD9585-AD64-48E4-AD35-1C98BB3C4A0C}.EmuRelease|Win32.Build.0 = Release|Win32
		{A0FD9585-AD64-48E4-AD35-1C98BB3C4A0C}.Release|Win32.ActiveCfg = Release|Win32
		{A0FD9585-AD64-48E4-AD35-1C98BB3C4A0C}.Release|Win32.Build.0 = Release|Win32
		{A4761FE4-6608-4EBE-AA12-97B850B19B2E}.Debug|Win32.ActiveCfg = Debug|Win32
		{A4761FE4-6608-4EBE-AA12-97B850B19B2E}.Debug|Win32.Build.0 = Debug|Win32
		{A4761FE4-6608-4EBE-AA12-97B850B19B2E}.EmuDebug|Win32.ActiveCfg = EmuDebug|Win32
		{A4761FE4-6608-4EBE-AA12-97B850B19B2E}.EmuDebug|Win32.Build.0 = EmuDebug|Win32
		{A4761FE4-6608-4EBE-AA12-97B850B19B2E}.EmuRelease|Win32.ActiveCfg = EmuRelease|Win32
		{A4761FE4-6608-4EBE-AA12-97B850B19B2E}.EmuRelease|Win32.Build.0 = EmuRelease|Win32
		{A4761FE4-6608-4EBE-AA12-97B850B19B2E}.Release|Win32.ActiveCfg = Release|Win32
		{A4761FE4-6608-4EBE-AA12-97B850B19B2E}.Release|Win32.Build.0 = Release|Win32
		{087A3BD8-D001-491F-BEE2-0B05B088E259}.Debug|Win32.ActiveCfg = Debug|Win32
		{087A3BD8-D001-491F-BEE2-0B05B088E259}.Debug|Win32.Build.0 = Debug|Win32
		{087A3BD8-D001-491F-BEE2-0B05B088E259}.EmuDebug|Win32.ActiveCfg = Debug|Win32
		{087A3BD8-D001-491F-BEE2-0B05B088E259}.EmuDebug|Win32.Build.0 = Debug|Win32
		{087A3BD8-D001-491F-BEE2-0B05B088E259}.EmuRelease|Win32.ActiveCfg = Release|Win32
		{087A3BD8-D001-491F-BEE2-0B05B088E259}.EmuRelease|Win32.Build.0 = Release|Win32
		{087A3BD8-D001-491F-BEE2-0B05B088E259}.Release|Win32.ActiveCfg = Release|Win32
		{087A3BD8-D001-491F-BEE2-0B05B088E259}.Release|Win32.Build.0 = Release|Win32
		{C73B3EED-6308-47E8-A0D5-9A62831EF260}.Debug|Win32.ActiveCfg = Debug|Win32
		{C73B3EED-6308-47E8-A0D5-9A62831EF260}.Debug|Win32.Build.0 = Debug|Win32
		{C73B3EED-6308-47E8-A0D5-9A62831EF260}.EmuDebug|Win32.ActiveCfg = Debug|Win32
		{C73B3EED-6308-47E8-A0D5-9A62831EF260}.EmuDebug|Win32.Build.0 = Debug|Win32
		{C73B3EED-6308-47E8-A0D5-9A62831EF260}.EmuRelease|Win32.ActiveCfg = Release|Win32
		{C73B3EED-6308-47E8-A0D5-9A62831EF260}.EmuRelease|Win32.Build.0 = Release|Win32
		{C73B3EED-6308-47E8-A0D5-9A62831EF260}.Release|Win32.ActiveCfg = Release|Win32
		{C73B3EED-6308-47E8-A0D5-9A62831EF260}.Release|Win32.Build.0 = Release|Win32
		{B6AEC636-809A-4AD8-82C8-9304510E2F77}.Debug|Win32.ActiveCfg = Debug|Win32
		{B6AEC636-809A-4AD8-82C8-9304510E2F77}.Debug|Win32.Build.0 = Debug|Win32
		{B6AEC636-809A-4AD8-82C8-9304510E2F77}.EmuDebug|Win32.ActiveCfg = EmuDebug|Win32
		{B6AEC636-809A-4AD8-82C8-9304510E2F77}.EmuDebug|Win32.Build.0 = EmuDebug|Win32
		{B6AEC636-809A-4AD8-82C8-9304510E2F77}.EmuRelease|Win32.ActiveCfg = EmuRelease|Win32
		{B6AEC636-809A-4AD8-82C8-9304510E2F77}.EmuRelease|Win32.Build.0 = EmuRelease|Win32
		{B6AEC636-809A-4AD8-82C8-9304510E2F77}.Release|Win32.ActiveCfg = Release|Win32
		{B6AEC636-809A-4AD8-82C8-9304510E2F77}.Release|Win32.Build.0 = Release|Win32
	EndGlobalSection
	GlobalSection(SolutionProperties) = preSolution
		HideSolutionNode = FALSE
	EndGlobalSection
	GlobalSection(NestedProjects) = preSolution
		{C73B3EED-6308-47E8-A0D5-9A62831EF260} = {0191D7E0-20E1-43A0-99EA-764035AED945}
		{B6AEC636-809A-4AD8-82C8-9304510E2F77} = {0191D7E0-20E1-43A0-99EA-764035AED945}
	EndGlobalSection
EndGlobal
